
Microsoft Visual Studio Solution File, Format Version 12.00
# Visual Studio Version 17
VisualStudioVersion = 17.2.32519.379
MinimumVisualStudioVersion = 10.0.40219.1
Project("{FAE04EC0-301F-11D3-BF4B-00C04F79EFBC}") = "TrabalhoPO2-4bim", "TrabalhoPO2-4bim\TrabalhoPO2-4bim.csproj", "{4A93056A-64F9-40F8-93DE-DB2708D16526}"
EndProject
Global
	GlobalSection(SolutionConfigurationPlatforms) = preSolution
		Debug|Any CPU = Debug|Any CPU
		Release|Any CPU = Release|Any CPU
	EndGlobalSection
	GlobalSection(ProjectConfigurationPlatforms) = postSolution
		{4A93056A-64F9-40F8-93DE-DB2708D16526}.Debug|Any CPU.ActiveCfg = Debug|Any CPU
		{4A93056A-64F9-40F8-93DE-DB2708D16526}.Debug|Any CPU.Build.0 = Debug|Any CPU
		{4A93056A-64F9-40F8-93DE-DB2708D16526}.Release|Any CPU.ActiveCfg = Release|Any CPU
		{4A93056A-64F9-40F8-93DE-DB2708D16526}.Release|Any CPU.Build.0 = Release|Any CPU
	EndGlobalSection
	GlobalSection(SolutionProperties) = preSolution
		HideSolutionNode = FALSE
	EndGlobalSection
	GlobalSection(ExtensibilityGlobals) = postSolution
		SolutionGuid = {50AC9D33-7B1D-4A58-9C6F-A808CA137174}
	EndGlobalSection
EndGlobal
